Microsoft Visual Studio Solution File, Format Version 12.00
# Visual Studio Version 17
VisualStudioVersion = 17.0.31903.59
MinimumVisualStudioVersion = 10.0.40219.1
Project("{FAE04EC0-301F-11D3-BF4B-00C04F79EFBC}") = "Patientenpfad.AutoDownload", "Patientenpfad.AutoDownload/Patientenpfad.AutoDownload.csproj", "{16F402AE-E92E-4687-B995-E77A6277E64D}"
EndProject
Project("{FAE04EC0-301F-11D3-BF4B-00C04F79EFBC}") = "Patientenpfad.AutoDownload.Tests", "Patientenpfad.AutoDownload.Tests/Patientenpfad.AutoDownload.Tests.csproj", "{825BAACB-C833-4514-AFB7-285F8FAD9B7C}"
EndProject
Global
	GlobalSection(SolutionConfigurationPlatforms) = preSolution
		Debug|Any CPU = Debug|Any CPU
		Release|Any CPU = Release|Any CPU
	EndGlobalSection
	GlobalSection(ProjectConfigurationPlatforms) = postSolution
		{16F402AE-E92E-4687-B995-E77A6277E64D}.Debug|Any CPU.ActiveCfg = Debug|Any CPU
		{16F402AE-E92E-4687-B995-E77A6277E64D}.Debug|Any CPU.Build.0 = Debug|Any CPU
		{16F402AE-E92E-4687-B995-E77A6277E64D}.Release|Any CPU.ActiveCfg = Release|Any CPU
		{16F402AE-E92E-4687-B995-E77A6277E64D}.Release|Any CPU.Build.0 = Release|Any CPU
		{825BAACB-C833-4514-AFB7-285F8FAD9B7C}.Debug|Any CPU.ActiveCfg = Debug|Any CPU
		{825BAACB-C833-4514-AFB7-285F8FAD9B7C}.Debug|Any CPU.Build.0 = Debug|Any CPU
		{825BAACB-C833-4514-AFB7-285F8FAD9B7C}.Release|Any CPU.ActiveCfg = Release|Any CPU
		{825BAACB-C833-4514-AFB7-285F8FAD9B7C}.Release|Any CPU.Build.0 = Release|Any CPU
	EndGlobalSection
EndGlobal
